// !$*UTF8*$!
{
	archiveVersion = 1;
	classes = {
	};
	objectVersion = 46;
	objects = {

/* Begin PBXBuildFile section */
		AE1836E71E1DEEA60011F11F /* Assets.xcassets in Resources */ = {isa = PBXBuildFile; fileRef = AE1836E61E1DEEA60011F11F /* Assets.xcassets */; };
		AE1836EA1E1DEEA60011F11F /* LaunchScreen.storyboard in Resources */ = {isa = PBXBuildFile; fileRef = AE1836E81E1DEEA60011F11F /* LaunchScreen.storyboard */; };
		AEED1C401E6EAF4500DAC807 /* StreamConfigration.swift in Sources */ = {isa = PBXBuildFile; fileRef = AEED1C2E1E6EAF4500DAC807 /* StreamConfigration.swift */; };
		AEED1C411E6EAF4500DAC807 /* DeviceRotation+Extension.swift in Sources */ = {isa = PBXBuildFile; fileRef = AEED1C301E6EAF4500DAC807 /* DeviceRotation+Extension.swift */; };
		AEED1C421E6EAF4500DAC807 /* UIColor+Extension.swift in Sources */ = {isa = PBXBuildFile; fileRef = AEED1C311E6EAF4500DAC807 /* UIColor+Extension.swift */; };
		AEED1C431E6EAF4500DAC807 /* UIDevice+Extension.swift in Sources */ = {isa = PBXBuildFile; fileRef = AEED1C321E6EAF4500DAC807 /* UIDevice+Extension.swift */; };
		AEED1C441E6EAF4500DAC807 /* UILabel+Extension.swift in Sources */ = {isa = PBXBuildFile; fileRef = AEED1C331E6EAF4500DAC807 /* UILabel+Extension.swift */; };
		AEED1C451E6EAF4500DAC807 /* DeviceHelper.swift in Sources */ = {isa = PBXBuildFile; fileRef = AEED1C351E6EAF4500DAC807 /* DeviceHelper.swift */; };
		AEED1C461E6EAF4500DAC807 /* AppDelegate.swift in Sources */ = {isa = PBXBuildFile; fileRef = AEED1C371E6EAF4500DAC807 /* AppDelegate.swift */; };
		AEED1C471E6EAF4500DAC807 /* BaseNavigationController.swift in Sources */ = {isa = PBXBuildFile; fileRef = AEED1C381E6EAF4500DAC807 /* BaseNavigationController.swift */; };
		AEED1C481E6EAF4500DAC807 /* MainViewController.swift in Sources */ = {isa = PBXBuildFile; fileRef = AEED1C391E6EAF4500DAC807 /* MainViewController.swift */; };
		AEED1C491E6EAF4500DAC807 /* ShowNavigationController.swift in Sources */ = {isa = PBXBuildFile; fileRef = AEED1C3A1E6EAF4500DAC807 /* ShowNavigationController.swift */; };
		AEED1C4A1E6EAF4500DAC807 /* HomeController.swift in Sources */ = {isa = PBXBuildFile; fileRef = AEED1C3C1E6EAF4500DAC807 /* HomeController.swift */; };
		AEED1C4B1E6EAF4500DAC807 /* MapController.swift in Sources */ = {isa = PBXBuildFile; fileRef = AEED1C3D1E6EAF4500DAC807 /* MapController.swift */; };
		AEED1C4C1E6EAF4500DAC807 /* PostAffairController.swift in Sources */ = {isa = PBXBuildFile; fileRef = AEED1C3E1E6EAF4500DAC807 /* PostAffairController.swift */; };
		AEED1C4D1E6EAF4500DAC807 /* PreviewController.swift in Sources */ = {isa = PBXBuildFile; fileRef = AEED1C3F1E6EAF4500DAC807 /* PreviewController.swift */; };
		AEED1C4F1E6EBD1A00DAC807 /* SwiftyTimer.swift in Sources */ = {isa = PBXBuildFile; fileRef = AEED1C4E1E6EBD1A00DAC807 /* SwiftyTimer.swift */; };
		AEED1C511E6EBEBB00DAC807 /* FileManager+Extension.swift in Sources */ = {isa = PBXBuildFile; fileRef = AEED1C501E6EBEBB00DAC807 /* FileManager+Extension.swift */; };
		CBFE2CA910C66EC5CDDCCC84 /* Pods_LiveDemo.framework in Frameworks */ = {isa = PBXBuildFile; fileRef = EA5453F9C04AB2E45FE462FC /* Pods_LiveDemo.framework */; };
/* End PBXBuildFile section */

/* Begin PBXFileReference section */
		5F9D278EA93BD5DC283A98C5 /* Pods-LiveDemo.debug.xcconfig */ = {isa = PBXFileReference; includeInIndex = 1; lastKnownFileType = text.xcconfig; name = "Pods-LiveDemo.debug.xcconfig"; path = "Pods/Target Support Files/Pods-LiveDemo/Pods-LiveDemo.debug.xcconfig"; sourceTree = "<group>"; };
		7799F886AA9DB7EBDF074C66 /* Pods-LiveDemo.release.xcconfig */ = {isa = PBXFileReference; includeInIndex = 1; lastKnownFileType = text.xcconfig; name = "Pods-LiveDemo.release.xcconfig"; path = "Pods/Target Support Files/Pods-LiveDemo/Pods-LiveDemo.release.xcconfig"; sourceTree = "<group>"; };
		AE1836DC1E1DEEA60011F11F /* LiveDemo.app */ = {isa = PBXFileReference; explicitFileType = wrapper.application; includeInIndex = 0; path = LiveDemo.app; sourceTree = BUILT_PRODUCTS_DIR; };
		AE1836E61E1DEEA60011F11F /* Assets.xcassets */ = {isa = PBXFileReference; lastKnownFileType = folder.assetcatalog; path = Assets.xcassets; sourceTree = "<group>"; };
		AE1836E91E1DEEA60011F11F /* Base */ = {isa = PBXFileReference; lastKnownFileType = file.storyboard; name = Base; path = Base.lproj/LaunchScreen.storyboard; sourceTree = "<group>"; };
		AE1836EB1E1DEEA60011F11F /* Info.plist */ = {isa = PBXFileReference; lastKnownFileType = text.plist.xml; path = Info.plist; sourceTree = "<group>"; };
		AEED1C2E1E6EAF4500DAC807 /* StreamConfigration.swift */ = {isa = PBXFileReference; fileEncoding = 4; lastKnownFileType = sourcecode.swift; path = StreamConfigration.swift; sourceTree = "<group>"; };
		AEED1C301E6EAF4500DAC807 /* DeviceRotation+Extension.swift */ = {isa = PBXFileReference; fileEncoding = 4; lastKnownFileType = sourcecode.swift; path = "DeviceRotation+Extension.swift"; sourceTree = "<group>"; };
		AEED1C311E6EAF4500DAC807 /* UIColor+Extension.swift */ = {isa = PBXFileReference; fileEncoding = 4; lastKnownFileType = sourcecode.swift; path = "UIColor+Extension.swift"; sourceTree = "<group>"; };
		AEED1C321E6EAF4500DAC807 /* UIDevice+Extension.swift */ = {isa = PBXFileReference; fileEncoding = 4; lastKnownFileType = sourcecode.swift; path = "UIDevice+Extension.swift"; sourceTree = "<group>"; };
		AEED1C331E6EAF4500DAC807 /* UILabel+Extension.swift */ = {isa = PBXFileReference; fileEncoding = 4; lastKnownFileType = sourcecode.swift; path = "UILabel+Extension.swift"; sourceTree = "<group>"; };
		AEED1C351E6EAF4500DAC807 /* DeviceHelper.swift */ = {isa = PBXFileReference; fileEncoding = 4; lastKnownFileType = sourcecode.swift; path = DeviceHelper.swift; sourceTree = "<group>"; };
		AEED1C371E6EAF4500DAC807 /* AppDelegate.swift */ = {isa = PBXFileReference; fileEncoding = 4; lastKnownFileType = sourcecode.swift; path = AppDelegate.swift; sourceTree = "<group>"; };
		AEED1C381E6EAF4500DAC807 /* BaseNavigationController.swift */ = {isa = PBXFileReference; fileEncoding = 4; lastKnownFileType = sourcecode.swift; path = BaseNavigationController.swift; sourceTree = "<group>"; };
		AEED1C391E6EAF4500DAC807 /* MainViewController.swift */ = {isa = PBXFileReference; fileEncoding = 4; lastKnownFileType = sourcecode.swift; path = MainViewController.swift; sourceTree = "<group>"; };
		AEED1C3A1E6EAF4500DAC807 /* ShowNavigationController.swift */ = {isa = PBXFileReference; fileEncoding = 4; lastKnownFileType = sourcecode.swift; path = ShowNavigationController.swift; sourceTree = "<group>"; };
		AEED1C3C1E6EAF4500DAC807 /* HomeController.swift */ = {isa = PBXFileReference; fileEncoding = 4; lastKnownFileType = sourcecode.swift; path = HomeController.swift; sourceTree = "<group>"; };
		AEED1C3D1E6EAF4500DAC807 /* MapController.swift */ = {isa = PBXFileReference; fileEncoding = 4; lastKnownFileType = sourcecode.swift; path = MapController.swift; sourceTree = "<group>"; };
		AEED1C3E1E6EAF4500DAC807 /* PostAffairController.swift */ = {isa = PBXFileReference; fileEncoding = 4; lastKnownFileType = sourcecode.swift; path = PostAffairController.swift; sourceTree = "<group>"; };
		AEED1C3F1E6EAF4500DAC807 /* PreviewController.swift */ = {isa = PBXFileReference; fileEncoding = 4; lastKnownFileType = sourcecode.swift; path = PreviewController.swift; sourceTree = "<group>"; };
		AEED1C4E1E6EBD1A00DAC807 /* SwiftyTimer.swift */ = {isa = PBXFileReference; fileEncoding = 4; lastKnownFileType = sourcecode.swift; path = SwiftyTimer.swift; sourceTree = "<group>"; };
		AEED1C501E6EBEBB00DAC807 /* FileManager+Extension.swift */ = {isa = PBXFileReference; fileEncoding = 4; lastKnownFileType = sourcecode.swift; path = "FileManager+Extension.swift"; sourceTree = "<group>"; };
		EA5453F9C04AB2E45FE462FC /* Pods_LiveDemo.framework */ = {isa = PBXFileReference; explicitFileType = wrapper.framework; includeInIndex = 0; path = Pods_LiveDemo.framework; sourceTree = BUILT_PRODUCTS_DIR; };
/* End PBXFileReference section */

/* Begin PBXFrameworksBuildPhase section */
		AE1836D91E1DEEA60011F11F /* Frameworks */ = {
			isa = PBXFrameworksBuildPhase;
			buildActionMask = 2147483647;
			files = (
				CBFE2CA910C66EC5CDDCCC84 /* Pods_LiveDemo.framework in Frameworks */,
			);
			runOnlyForDeploymentPostprocessing = 0;
		};
/* End PBXFrameworksBuildPhase section */

/* Begin PBXGroup section */
		34696E1C2EEF9601EA09D08A /* Frameworks */ = {
			isa = PBXGroup;
			children = (
				EA5453F9C04AB2E45FE462FC /* Pods_LiveDemo.framework */,
			);
			name = Frameworks;
			sourceTree = "<group>";
		};
		535B4221377843639BB2EF16 /* Pods */ = {
			isa = PBXGroup;
			children = (
				5F9D278EA93BD5DC283A98C5 /* Pods-LiveDemo.debug.xcconfig */,
				7799F886AA9DB7EBDF074C66 /* Pods-LiveDemo.release.xcconfig */,
			);
			name = Pods;
			sourceTree = "<group>";
		};
		AE1836D31E1DEEA60011F11F = {
			isa = PBXGroup;
			children = (
				AE1836DE1E1DEEA60011F11F /* LiveDemo */,
				AE1836DD1E1DEEA60011F11F /* Products */,
				535B4221377843639BB2EF16 /* Pods */,
				34696E1C2EEF9601EA09D08A /* Frameworks */,
			);
			sourceTree = "<group>";
		};
		AE1836DD1E1DEEA60011F11F /* Products */ = {
			isa = PBXGroup;
			children = (
				AE1836DC1E1DEEA60011F11F /* LiveDemo.app */,
			);
			name = Products;
			sourceTree = "<group>";
		};
		AE1836DE1E1DEEA60011F11F /* LiveDemo */ = {
			isa = PBXGroup;
			children = (
				AEED1C2D1E6EAF4500DAC807 /* Configuration */,
				AEED1C2F1E6EAF4500DAC807 /* Extension */,
				AEED1C341E6EAF4500DAC807 /* Helper */,
				AEED1C361E6EAF4500DAC807 /* Root */,
				AEED1C3B1E6EAF4500DAC807 /* ViewControllers */,
				AE1836E61E1DEEA60011F11F /* Assets.xcassets */,
				AE1836E81E1DEEA60011F11F /* LaunchScreen.storyboard */,
				AE1836EB1E1DEEA60011F11F /* Info.plist */,
			);
			path = LiveDemo;
			sourceTree = "<group>";
		};
		AEED1C2D1E6EAF4500DAC807 /* Configuration */ = {
			isa = PBXGroup;
			children = (
				AEED1C2E1E6EAF4500DAC807 /* StreamConfigration.swift */,
			);
			path = Configuration;
			sourceTree = "<group>";
		};
		AEED1C2F1E6EAF4500DAC807 /* Extension */ = {
			isa = PBXGroup;
			children = (
				AEED1C501E6EBEBB00DAC807 /* FileManager+Extension.swift */,
				AEED1C301E6EAF4500DAC807 /* DeviceRotation+Extension.swift */,
				AEED1C311E6EAF4500DAC807 /* UIColor+Extension.swift */,
				AEED1C321E6EAF4500DAC807 /* UIDevice+Extension.swift */,
				AEED1C331E6EAF4500DAC807 /* UILabel+Extension.swift */,
			);
			path = Extension;
			sourceTree = "<group>";
		};
		AEED1C341E6EAF4500DAC807 /* Helper */ = {
			isa = PBXGroup;
			children = (
				AEED1C4E1E6EBD1A00DAC807 /* SwiftyTimer.swift */,
				AEED1C351E6EAF4500DAC807 /* DeviceHelper.swift */,
			);
			path = Helper;
			sourceTree = "<group>";
		};
		AEED1C361E6EAF4500DAC807 /* Root */ = {
			isa = PBXGroup;
			children = (
				AEED1C371E6EAF4500DAC807 /* AppDelegate.swift */,
				AEED1C381E6EAF4500DAC807 /* BaseNavigationController.swift */,
				AEED1C391E6EAF4500DAC807 /* MainViewController.swift */,
				AEED1C3A1E6EAF4500DAC807 /* ShowNavigationController.swift */,
			);
			path = Root;
			sourceTree = "<group>";
		};
		AEED1C3B1E6EAF4500DAC807 /* ViewControllers */ = {
			isa = PBXGroup;
			children = (
				AEED1C3C1E6EAF4500DAC807 /* HomeController.swift */,
				AEED1C3D1E6EAF4500DAC807 /* MapController.swift */,
				AEED1C3E1E6EAF4500DAC807 /* PostAffairController.swift */,
				AEED1C3F1E6EAF4500DAC807 /* PreviewController.swift */,
			);
			path = ViewControllers;
			sourceTree = "<group>";
		};
/* End PBXGroup section */

/* Begin PBXNativeTarget section */
		AE1836DB1E1DEEA60011F11F /* LiveDemo */ = {
			isa = PBXNativeTarget;
			buildConfigurationList = AE1836EE1E1DEEA60011F11F /* Build configuration list for PBXNativeTarget "LiveDemo" */;
			buildPhases = (
				17ABEEFEB0278E3114219E5D /* [CP] Check Pods Manifest.lock */,
				AE1836D81E1DEEA60011F11F /* Sources */,
				AE1836D91E1DEEA60011F11F /* Frameworks */,
				AE1836DA1E1DEEA60011F11F /* Resources */,
				20F9C4B4244E9252DFBCDE9D /* [CP] Embed Pods Frameworks */,
				1C339E61D508D02C23E51943 /* [CP] Copy Pods Resources */,
			);
			buildRules = (
			);
			dependencies = (
			);
			name = LiveDemo;
			productName = LiveDemo;
			productReference = AE1836DC1E1DEEA60011F11F /* LiveDemo.app */;
			productType = "com.apple.product-type.application";
		};
/* End PBXNativeTarget section */

/* Begin PBXProject section */
		AE1836D41E1DEEA60011F11F /* Project object */ = {
			isa = PBXProject;
			attributes = {
				LastSwiftUpdateCheck = 0820;
				LastUpgradeCheck = 0820;
				ORGANIZATIONNAME = manajay;
				TargetAttributes = {
					AE1836DB1E1DEEA60011F11F = {
						CreatedOnToolsVersion = 8.2.1;
						DevelopmentTeam = J45R7ZYGYH;
						ProvisioningStyle = Automatic;
						SystemCapabilities = {
							com.apple.BackgroundModes = {
								enabled = 1;
							};
						};
					};
				};
			};
			buildConfigurationList = AE1836D71E1DEEA60011F11F /* Build configuration list for PBXProject "LiveDemo" */;
			compatibilityVersion = "Xcode 3.2";
			developmentRegion = English;
			hasScannedForEncodings = 0;
			knownRegions = (
				en,
				Base,
			);
			mainGroup = AE1836D31E1DEEA60011F11F;
			productRefGroup = AE1836DD1E1DEEA60011F11F /* Products */;
			projectDirPath = "";
			projectRoot = "";
			targets = (
				AE1836DB1E1DEEA60011F11F /* LiveDemo */,
			);
		};
/* End PBXProject section */

/* Begin PBXResourcesBuildPhase section */
		AE1836DA1E1DEEA60011F11F /* Resources */ = {
			isa = PBXResourcesBuildPhase;
			buildActionMask = 2147483647;
			files = (
				AE1836EA1E1DEEA60011F11F /* LaunchScreen.storyboard in Resources */,
				AE1836E71E1DEEA60011F11F /* Assets.xcassets in Resources */,
			);
			runOnlyForDeploymentPostprocessing = 0;
		};
/* End PBXResourcesBuildPhase section */

/* Begin PBXShellScriptBuildPhase section */
		17ABEEFEB0278E3114219E5D /* [CP] Check Pods Manifest.lock */ = {
			isa = PBXShellScriptBuildPhase;
			buildActionMask = 2147483647;
			files = (
			);
			inputPaths = (
			);
			name = "[CP] Check Pods Manifest.lock";
			outputPaths = (
			);
			runOnlyForDeploymentPostprocessing = 0;
			shellPath = /bin/sh;
			shellScript = "diff \"${PODS_ROOT}/../Podfile.lock\" \"${PODS_ROOT}/Manifest.lock\" > /dev/null\nif [ $? != 0 ] ; then\n    # print error to STDERR\n    echo \"error: The sandbox is not in sync with the Podfile.lock. Run 'pod install' or update your CocoaPods installation.\" >&2\n    exit 1\nfi\n";
			showEnvVarsInLog = 0;
		};
		1C339E61D508D02C23E51943 /* [CP] Copy Pods Resources */ = {
			isa = PBXShellScriptBuildPhase;
			buildActionMask = 2147483647;
			files = (
			);
			inputPaths = (
			);
			name = "[CP] Copy Pods Resources";
			outputPaths = (
			);
			runOnlyForDeploymentPostprocessing = 0;
			shellPath = /bin/sh;
			shellScript = "\"${SRCROOT}/Pods/Target Support Files/Pods-LiveDemo/Pods-LiveDemo-resources.sh\"\n";
			showEnvVarsInLog = 0;
		};
		20F9C4B4244E9252DFBCDE9D /* [CP] Embed Pods Frameworks */ = {
			isa = PBXShellScriptBuildPhase;
			buildActionMask = 2147483647;
			files = (
			);
			inputPaths = (
			);
			name = "[CP] Embed Pods Frameworks";
			outputPaths = (
			);
			runOnlyForDeploymentPostprocessing = 0;
			shellPath = /bin/sh;
			shellScript = "\"${SRCROOT}/Pods/Target Support Files/Pods-LiveDemo/Pods-LiveDemo-frameworks.sh\"\n";
			showEnvVarsInLog = 0;
		};
/* End PBXShellScriptBuildPhase section */

/* Begin PBXSourcesBuildPhase section */
		AE1836D81E1DEEA60011F11F /* Sources */ = {
			isa = PBXSourcesBuildPhase;
			buildActionMask = 2147483647;
			files = (
				AEED1C4D1E6EAF4500DAC807 /* PreviewController.swift in Sources */,
				AEED1C471E6EAF4500DAC807 /* BaseNavigationController.swift in Sources */,
				AEED1C421E6EAF4500DAC807 /* UIColor+Extension.swift in Sources */,
				AEED1C4A1E6EAF4500DAC807 /* HomeController.swift in Sources */,
				AEED1C451E6EAF4500DAC807 /* DeviceHelper.swift in Sources */,
				AEED1C4B1E6EAF4500DAC807 /* MapController.swift in Sources */,
				AEED1C431E6EAF4500DAC807 /* UIDevice+Extension.swift in Sources */,
				AEED1C4C1E6EAF4500DAC807 /* PostAffairController.swift in Sources */,
				AEED1C441E6EAF4500DAC807 /* UILabel+Extension.swift in Sources */,
				AEED1C511E6EBEBB00DAC807 /* FileManager+Extension.swift in Sources */,
				AEED1C4F1E6EBD1A00DAC807 /* SwiftyTimer.swift in Sources */,
				AEED1C461E6EAF4500DAC807 /* AppDelegate.swift in Sources */,
				AEED1C481E6EAF4500DAC807 /* MainViewController.swift in Sources */,
				AEED1C401E6EAF4500DAC807 /* StreamConfigration.swift in Sources */,
				AEED1C491E6EAF4500DAC807 /* ShowNavigationController.swift in Sources */,
				AEED1C411E6EAF4500DAC807 /* DeviceRotation+Extension.swift in Sources */,
			);
			runOnlyForDeploymentPostprocessing = 0;
		};
/* End PBXSourcesBuildPhase section */

/* Begin PBXVariantGroup section */
		AE1836E81E1DEEA60011F11F /* LaunchScreen.storyboard */ = {
			isa = PBXVariantGroup;
			children = (
				AE1836E91E1DEEA60011F11F /* Base */,
			);
			name = LaunchScreen.storyboard;
			sourceTree = "<group>";
		};
/* End PBXVariantGroup section */

/* Begin XCBuildConfiguration section */
		AE1836EC1E1DEEA60011F11F /* Debug */ = {
			isa = XCBuildConfiguration;
			buildSettings = {
				ALWAYS_SEARCH_USER_PATHS = NO;
				CLANG_ANALYZER_NONNULL = YES;
				CLANG_CXX_LANGUAGE_STANDARD = "gnu++0x";
				CLANG_CXX_LIBRARY = "libc++";
				CLANG_ENABLE_MODULES = YES;
				CLANG_ENABLE_OBJC_ARC = YES;
				CLANG_WARN_BOOL_CONVERSION = YES;
				CLANG_WARN_CONSTANT_CONVERSION = YES;
				CLANG_WARN_DIRECT_OBJC_ISA_USAGE = YES_ERROR;
				CLANG_WARN_DOCUMENTATION_COMMENTS = YES;
				CLANG_WARN_EMPTY_BODY = YES;
				CLANG_WARN_ENUM_CONVERSION = YES;
				CLANG_WARN_INFINITE_RECURSION = YES;
				CLANG_WARN_INT_CONVERSION = YES;
				CLANG_WARN_OBJC_ROOT_CLASS = YES_ERROR;
				CLANG_WARN_SUSPICIOUS_MOVE = YES;
				CLANG_WARN_UNREACHABLE_CODE = YES;
				CLANG_WARN__DUPLICATE_METHOD_MATCH = YES;
				"CODE_SIGN_IDENTITY[sdk=iphoneos*]" = "iPhone Developer";
				COPY_PHASE_STRIP = NO;
				DEBUG_INFORMATION_FORMAT = dwarf;
				ENABLE_STRICT_OBJC_MSGSEND = YES;
				ENABLE_TESTABILITY = YES;
				GCC_C_LANGUAGE_STANDARD = gnu99;
				GCC_DYNAMIC_NO_PIC = NO;
				GCC_NO_COMMON_BLOCKS = YES;
				GCC_OPTIMIZATION_LEVEL = 0;
				GCC_PREPROCESSOR_DEFINITIONS = (
					"DEBUG=1",
					"$(inherited)",
				);
				GCC_WARN_64_TO_32_BIT_CONVERSION = YES;
				GCC_WARN_ABOUT_RETURN_TYPE = YES_ERROR;
				GCC_WARN_UNDECLARED_SELECTOR = YES;
				GCC_WARN_UNINITIALIZED_AUTOS = YES_AGGRESSIVE;
				GCC_WARN_UNUSED_FUNCTION = YES;
				GCC_WARN_UNUSED_VARIABLE = YES;
				IPHONEOS_DEPLOYMENT_TARGET = 10.2;
				MTL_ENABLE_DEBUG_INFO = YES;
				ONLY_ACTIVE_ARCH = YES;
				SDKROOT = iphoneos;
				SWIFT_ACTIVE_COMPILATION_CONDITIONS = DEBUG;
				SWIFT_OPTIMIZATION_LEVEL = "-Onone";
			};
			name = Debug;
		};
		AE1836ED1E1DEEA60011F11F /* Release */ = {
			isa = XCBuildConfiguration;
			buildSettings = {
				ALWAYS_SEARCH_USER_PATHS = NO;
				CLANG_ANALYZER_NONNULL = YES;
				CLANG_CXX_LANGUAGE_STANDARD = "gnu++0x";
				CLANG_CXX_LIBRARY = "libc++";
				CLANG_ENABLE_MODULES = YES;
				CLANG_ENABLE_OBJC_ARC = YES;
				CLANG_WARN_BOOL_CONVERSION = YES;
				CLANG_WARN_CONSTANT_CONVERSION = YES;
				CLANG_WARN_DIRECT_OBJC_ISA_USAGE = YES_ERROR;
				CLANG_WARN_DOCUMENTATION_COMMENTS = YES;
				CLANG_WARN_EMPTY_BODY = YES;
				CLANG_WARN_ENUM_CONVERSION = YES;
				CLANG_WARN_INFINITE_RECURSION = YES;
				CLANG_WARN_INT_CONVERSION = YES;
				CLANG_WARN_OBJC_ROOT_CLASS = YES_ERROR;
				CLANG_WARN_SUSPICIOUS_MOVE = YES;
				CLANG_WARN_UNREACHABLE_CODE = YES;
				CLANG_WARN__DUPLICATE_METHOD_MATCH = YES;
				"CODE_SIGN_IDENTITY[sdk=iphoneos*]" = "iPhone Developer";
				COPY_PHASE_STRIP = NO;
				DEBUG_INFORMATION_FORMAT = "dwarf-with-dsym";
				ENABLE_NS_ASSERTIONS = NO;
				ENABLE_STRICT_OBJC_MSGSEND = YES;
				GCC_C_LANGUAGE_STANDARD = gnu99;
				GCC_NO_COMMON_BLOCKS = YES;
				GCC_WARN_64_TO_32_BIT_CONVERSION = YES;
				GCC_WARN_ABOUT_RETURN_TYPE = YES_ERROR;
				GCC_WARN_UNDECLARED_SELECTOR = YES;
				GCC_WARN_UNINITIALIZED_AUTOS = YES_AGGRESSIVE;
				GCC_WARN_UNUSED_FUNCTION = YES;
				GCC_WARN_UNUSED_VARIABLE = YES;
				IPHONEOS_DEPLOYMENT_TARGET = 10.2;
				MTL_ENABLE_DEBUG_INFO = NO;
				SDKROOT = iphoneos;
				SWIFT_OPTIMIZATION_LEVEL = "-Owholemodule";
				VALIDATE_PRODUCT = YES;
			};
			name = Release;
		};
		AE1836EF1E1DEEA60011F11F /* Debug */ = {
			isa = XCBuildConfiguration;
			baseConfigurationReference = 5F9D278EA93BD5DC283A98C5 /* Pods-LiveDemo.debug.xcconfig */;
			buildSettings = {
				ASSETCATALOG_COMPILER_APPICON_NAME = AppIcon;
				DEVELOPMENT_TEAM = J45R7ZYGYH;
				INFOPLIST_FILE = LiveDemo/Info.plist;
				IPHONEOS_DEPLOYMENT_TARGET = 8.1;
				LD_RUNPATH_SEARCH_PATHS = "$(inherited) @executable_path/Frameworks";
				PRODUCT_BUNDLE_IDENTIFIER = com.manajay.LiveDemo;
				PRODUCT_NAME = "$(TARGET_NAME)";
				SWIFT_VERSION = 3.0;
			};
			name = Debug;
		};
		AE1836F01E1DEEA60011F11F /* Release */ = {
			isa = XCBuildConfiguration;
			baseConfigurationReference = 7799F886AA9DB7EBDF074C66 /* Pods-LiveDemo.release.xcconfig */;
			buildSettings = {
				ASSETCATALOG_COMPILER_APPICON_NAME = AppIcon;
				DEVELOPMENT_TEAM = J45R7ZYGYH;
				INFOPLIST_FILE = LiveDemo/Info.plist;
				IPHONEOS_DEPLOYMENT_TARGET = 8.1;
				LD_RUNPATH_SEARCH_PATHS = "$(inherited) @executable_path/Frameworks";
				PRODUCT_BUNDLE_IDENTIFIER = com.manajay.LiveDemo;
				PRODUCT_NAME = "$(TARGET_NAME)";
				SWIFT_VERSION = 3.0;
			};
			name = Release;
		};
/* End XCBuildConfiguration section */

/* Begin XCConfigurationList section */
		AE1836D71E1DEEA60011F11F /* Build configuration list for PBXProject "LiveDemo" */ = {
			isa = XCConfigurationList;
			buildConfigurations = (
				AE1836EC1E1DEEA60011F11F /* Debug */,
				AE1836ED1E1DEEA60011F11F /* Release */,
			);
			defaultConfigurationIsVisible = 0;
			defaultConfigurationName = Release;
		};
		AE1836EE1E1DEEA60011F11F /* Build configuration list for PBXNativeTarget "LiveDemo" */ = {
			isa = XCConfigurationList;
			buildConfigurations = (
				AE1836EF1E1DEEA60011F11F /* Debug */,
				AE1836F01E1DEEA60011F11F /* Release */,
			);
			defaultConfigurationIsVisible = 0;
			defaultConfigurationName = Release;
		};
/* End XCConfigurationList section */
	};
	rootObject = AE1836D41E1DEEA60011F11F /* Project object */;
}
